
Microsoft Visual Studio Solution File, Format Version 12.00
# Visual Studio Version 17
VisualStudioVersion = 17.4.33122.133
MinimumVisualStudioVersion = 10.0.40219.1
Project("{9A19103F-16F7-4668-BE54-9A1E7A4F7556}") = "OnionArcBLogProject.WebUI", "OnionArcBLogProject\OnionArcBLogProject.WebUI.csproj", "{936F56AC-1992-4DE7-AD0D-E814154FC5C6}"
EndProject
Project("{9A19103F-16F7-4668-BE54-9A1E7A4F7556}") = "OnionArcBLogProject.Entities", "OnionArcBLogProject.Entities\OnionArcBLogProject.Entities.csproj", "{1D86191A-130A-409C-9B1C-C58AF0FD1C77}"
EndProject
Project("{9A19103F-16F7-4668-BE54-9A1E7A4F7556}") = "OnionArcBLogProject.Model", "OnionArcBLogProject.Model\OnionArcBLogProject.Model.csproj", "{520B42B7-9BC4-466C-8BE7-BE55C867EC8C}"
EndProject
Project("{9A19103F-16F7-4668-BE54-9A1E7A4F7556}") = "OnionArcBLogProject.Service", "OnionArcBLogProject.BL\OnionArcBLogProject.Service.csproj", "{850C8114-6D40-41DF-B81E-8475D96D2784}"
EndProject
Project("{9A19103F-16F7-4668-BE54-9A1E7A4F7556}") = "OnionArcBLogProject.DAL", "OnionArcBLogProject.DAL\OnionArcBLogProject.DAL.csproj", "{2A03C50A-1724-4802-9D02-CE2D13C5EDFB}"
EndProject
Project("{9A19103F-16F7-4668-BE54-9A1E7A4F7556}") = "OnionArcBLogProject.Core", "OnionArcBLogProject.Core\OnionArcBLogProject.Core.csproj", "{7869A70B-ED05-4B8D-85FD-E9EA42F2B06B}"
EndProject
Project("{FAE04EC0-301F-11D3-BF4B-00C04F79EFBC}") = "Middleware", "Middleware\Middleware.csproj", "{B546F79E-C3AB-4A99-9BBA-871E1BFAC0ED}"
EndProject
Global
	GlobalSection(SolutionConfigurationPlatforms) = preSolution
		Debug|Any CPU = Debug|Any CPU
		Release|Any CPU = Release|Any CPU
	EndGlobalSection
	GlobalSection(ProjectConfigurationPlatforms) = postSolution
		{936F56AC-1992-4DE7-AD0D-E814154FC5C6}.Debug|Any CPU.ActiveCfg = Debug|Any CPU
		{936F56AC-1992-4DE7-AD0D-E814154FC5C6}.Debug|Any CPU.Build.0 = Debug|Any CPU
		{936F56AC-1992-4DE7-AD0D-E814154FC5C6}.Release|Any CPU.ActiveCfg = Release|Any CPU
		{936F56AC-1992-4DE7-AD0D-E814154FC5C6}.Release|Any CPU.Build.0 = Release|Any CPU
		{1D86191A-130A-409C-9B1C-C58AF0FD1C77}.Debug|Any CPU.ActiveCfg = Debug|Any CPU
		{1D86191A-130A-409C-9B1C-C58AF0FD1C77}.Debug|Any CPU.Build.0 = Debug|Any CPU
		{1D86191A-130A-409C-9B1C-C58AF0FD1C77}.Release|Any CPU.ActiveCfg = Release|Any CPU
		{1D86191A-130A-409C-9B1C-C58AF0FD1C77}.Release|Any CPU.Build.0 = Release|Any CPU
		{520B42B7-9BC4-466C-8BE7-BE55C867EC8C}.Debug|Any CPU.ActiveCfg = Debug|Any CPU
		{520B42B7-9BC4-466C-8BE7-BE55C867EC8C}.Debug|Any CPU.Build.0 = Debug|Any CPU
		{520B42B7-9BC4-466C-8BE7-BE55C867EC8C}.Release|Any CPU.ActiveCfg = Release|Any CPU
		{520B42B7-9BC4-466C-8BE7-BE55C867EC8C}.Release|Any CPU.Build.0 = Release|Any CPU
		{850C8114-6D40-41DF-B81E-8475D96D2784}.Debug|Any CPU.ActiveCfg = Debug|Any CPU
		{850C8114-6D40-41DF-B81E-8475D96D2784}.Debug|Any CPU.Build.0 = Debug|Any CPU
		{850C8114-6D40-41DF-B81E-8475D96D2784}.Release|Any CPU.ActiveCfg = Release|Any CPU
		{850C8114-6D40-41DF-B81E-8475D96D2784}.Release|Any CPU.Build.0 = Release|Any CPU
		{2A03C50A-1724-4802-9D02-CE2D13C5EDFB}.Debug|Any CPU.ActiveCfg = Debug|Any CPU
		{2A03C50A-1724-4802-9D02-CE2D13C5EDFB}.Debug|Any CPU.Build.0 = Debug|Any CPU
		{2A03C50A-1724-4802-9D02-CE2D13C5EDFB}.Release|Any CPU.ActiveCfg = Release|Any CPU
		{2A03C50A-1724-4802-9D02-CE2D13C5EDFB}.Release|Any CPU.Build.0 = Release|Any CPU
		{7869A70B-ED05-4B8D-85FD-E9EA42F2B06B}.Debug|Any CPU.ActiveCfg = Debug|Any CPU
		{7869A70B-ED05-4B8D-85FD-E9EA42F2B06B}.Debug|Any CPU.Build.0 = Debug|Any CPU
		{7869A70B-ED05-4B8D-85FD-E9EA42F2B06B}.Release|Any CPU.ActiveCfg = Release|Any CPU
		{7869A70B-ED05-4B8D-85FD-E9EA42F2B06B}.Release|Any CPU.Build.0 = Release|Any CPU
		{B546F79E-C3AB-4A99-9BBA-871E1BFAC0ED}.Debug|Any CPU.ActiveCfg = Debug|Any CPU
		{B546F79E-C3AB-4A99-9BBA-871E1BFAC0ED}.Debug|Any CPU.Build.0 = Debug|Any CPU
		{B546F79E-C3AB-4A99-9BBA-871E1BFAC0ED}.Release|Any CPU.ActiveCfg = Release|Any CPU
		{B546F79E-C3AB-4A99-9BBA-871E1BFAC0ED}.Release|Any CPU.Build.0 = Release|Any CPU
	EndGlobalSection
	GlobalSection(SolutionProperties) = preSolution
		HideSolutionNode = FALSE
	EndGlobalSection
	GlobalSection(ExtensibilityGlobals) = postSolution
		SolutionGuid = {98B8CD06-F366-4B86-8AEC-04190212EA0C}
	EndGlobalSection
EndGlobal
